// !$*UTF8*$!
{
	archiveVersion = 1;
	classes = {
	};
	objectVersion = 46;
	objects = {

/* Begin PBXGroup section */
		08568BFB1BC44B6500DD19DB = {
			isa = PBXGroup;
			children = (
			);
			sourceTree = "<group>";
		};
/* End PBXGroup section */

/* Begin PBXProject section */
		08568BFC1BC44B6500DD19DB /* Project object */ = {
			isa = PBXProject;
			attributes = {
				LastUpgradeCheck = 0700;
			};
			buildConfigurationList = 08568BFF1BC44B6500DD19DB /* Build configuration list for PBXProject "Techmatcher" */;
			compatibilityVersion = "Xcode 3.2";
			developmentRegion = English;
			hasScannedForEncodings = 0;
			knownRegions = (
				en,
			);
			mainGroup = 08568BFB1BC44B6500DD19DB;
			projectDirPath = "";
			projectRoot = "";
			targets = (
			);
		};
/* End PBXProject section */

/* Begin XCBuildConfiguration section */
		08568C001BC44B6500DD19DB /* Debug */ = {
			isa = XCBuildConfiguration;
			buildSettings = {
			};
			name = Debug;
		};
		08568C011BC44B6500DD19DB /* Release */ = {
			isa = XCBuildConfiguration;
			buildSettings = {
			};
			name = Release;
		};
/* End XCBuildConfiguration section */

/* Begin XCConfigurationList section */
		08568BFF1BC44B6500DD19DB /* Build configuration list for PBXProject "Techmatcher" */ = {
			isa = XCConfigurationList;
			buildConfigurations = (
				08568C001BC44B6500DD19DB /* Debug */,
				08568C011BC44B6500DD19DB /* Release */,
			);
			defaultConfigurationIsVisible = 0;
			defaultConfigurationName = Release;
		};
/* End XCConfigurationList section */
	};
	rootObject = 08568BFC1BC44B6500DD19DB /* Project object */;
}
